
Microsoft Visual Studio Solution File, Format Version 12.00
# Visual Studio Version 16
VisualStudioVersion = 16.0.30413.136
MinimumVisualStudioVersion = 10.0.40219.1
Project("{FAE04EC0-301F-11D3-BF4B-00C04F79EFBC}") = "BuildTree", "BuildTree\BuildTree.csproj", "{4E915EB1-BDD7-479C-8B7C-8D13257BBDEB}"
EndProject
Global
	GlobalSection(SolutionConfigurationPlatforms) = preSolution
		Debug|Any CPU = Debug|Any CPU
		Release|Any CPU = Release|Any CPU
	EndGlobalSection
	GlobalSection(ProjectConfigurationPlatforms) = postSolution
		{4E915EB1-BDD7-479C-8B7C-8D13257BBDEB}.Debug|Any CPU.ActiveCfg = Debug|Any CPU
		{4E915EB1-BDD7-479C-8B7C-8D13257BBDEB}.Debug|Any CPU.Build.0 = Debug|Any CPU
		{4E915EB1-BDD7-479C-8B7C-8D13257BBDEB}.Release|Any CPU.ActiveCfg = Release|Any CPU
		{4E915EB1-BDD7-479C-8B7C-8D13257BBDEB}.Release|Any CPU.Build.0 = Release|Any CPU
	EndGlobalSection
	GlobalSection(SolutionProperties) = preSolution
		HideSolutionNode = FALSE
	EndGlobalSection
	GlobalSection(ExtensibilityGlobals) = postSolution
		SolutionGuid = {D7EE4C67-E738-4959-8639-4897BED985A6}
	EndGlobalSection
EndGlobal
